
Microsoft Visual Studio Solution File, Format Version 12.00
# Visual Studio 15
VisualStudioVersion = 15.0.27428.2037
MinimumVisualStudioVersion = 10.0.40219.1
Project("{FAE04EC0-301F-11D3-BF4B-00C04F79EFBC}") = "Timer", "Timer.csproj", "{04E8100D-285F-45D7-92B4-88AF72DFBB57}"
EndProject
Global
	GlobalSection(SolutionConfigurationPlatforms) = preSolution
		Debug|Any CPU = Debug|Any CPU
		Release|Any CPU = Release|Any CPU
	EndGlobalSection
	GlobalSection(ProjectConfigurationPlatforms) = postSolution
		{04E8100D-285F-45D7-92B4-88AF72DFBB57}.Debug|Any CPU.ActiveCfg = Debug|Any CPU
		{04E8100D-285F-45D7-92B4-88AF72DFBB57}.Debug|Any CPU.Build.0 = Debug|Any CPU
		{04E8100D-285F-45D7-92B4-88AF72DFBB57}.Release|Any CPU.ActiveCfg = Release|Any CPU
		{04E8100D-285F-45D7-92B4-88AF72DFBB57}.Release|Any CPU.Build.0 = Release|Any CPU
	EndGlobalSection
	GlobalSection(SolutionProperties) = preSolution
		HideSolutionNode = FALSE
	EndGlobalSection
	GlobalSection(ExtensibilityGlobals) = postSolution
		SolutionGuid = {CCCA7C88-4476-4C2F-980F-AB28417460AD}
	EndGlobalSection
EndGlobal
